
Microsoft Visual Studio Solution File, Format Version 12.00
# Visual Studio Version 17
VisualStudioVersion = 17.10.35013.160
MinimumVisualStudioVersion = 10.0.40219.1
Project("{FAE04EC0-301F-11D3-BF4B-00C04F79EFBC}") = "Exo_ASP_01", "Exo_ASP_01\Exo_ASP_01.csproj", "{37C8CB93-D102-469D-8E86-200C6C651E22}"
EndProject
Global
	GlobalSection(SolutionConfigurationPlatforms) = preSolution
		Debug|Any CPU = Debug|Any CPU
		Release|Any CPU = Release|Any CPU
	EndGlobalSection
	GlobalSection(ProjectConfigurationPlatforms) = postSolution
		{37C8CB93-D102-469D-8E86-200C6C651E22}.Debug|Any CPU.ActiveCfg = Debug|Any CPU
		{37C8CB93-D102-469D-8E86-200C6C651E22}.Debug|Any CPU.Build.0 = Debug|Any CPU
		{37C8CB93-D102-469D-8E86-200C6C651E22}.Release|Any CPU.ActiveCfg = Release|Any CPU
		{37C8CB93-D102-469D-8E86-200C6C651E22}.Release|Any CPU.Build.0 = Release|Any CPU
	EndGlobalSection
	GlobalSection(SolutionProperties) = preSolution
		HideSolutionNode = FALSE
	EndGlobalSection
	GlobalSection(ExtensibilityGlobals) = postSolution
		SolutionGuid = {04CD5863-11A8-4D77-B0DD-3211EDC0018C}
	EndGlobalSection
EndGlobal
